
Microsoft Visual Studio Solution File, Format Version 12.00
# Visual Studio Version 17
VisualStudioVersion = 17.4.33213.308
MinimumVisualStudioVersion = 10.0.40219.1
Project("{FAE04EC0-301F-11D3-BF4B-00C04F79EFBC}") = "WebBrowserMinimalist", "WebBrowserMinimalist\WebBrowserMinimalist.csproj", "{043C48D2-0244-4916-8EF0-14FD61073C57}"
EndProject
Global
	GlobalSection(SolutionConfigurationPlatforms) = preSolution
		Debug|Any CPU = Debug|Any CPU
		Release|Any CPU = Release|Any CPU
	EndGlobalSection
	GlobalSection(ProjectConfigurationPlatforms) = postSolution
		{043C48D2-0244-4916-8EF0-14FD61073C57}.Debug|Any CPU.ActiveCfg = Debug|Any CPU
		{043C48D2-0244-4916-8EF0-14FD61073C57}.Debug|Any CPU.Build.0 = Debug|Any CPU
		{043C48D2-0244-4916-8EF0-14FD61073C57}.Release|Any CPU.ActiveCfg = Release|Any CPU
		{043C48D2-0244-4916-8EF0-14FD61073C57}.Release|Any CPU.Build.0 = Release|Any CPU
	EndGlobalSection
	GlobalSection(SolutionProperties) = preSolution
		HideSolutionNode = FALSE
	EndGlobalSection
	GlobalSection(ExtensibilityGlobals) = postSolution
		SolutionGuid = {09AB3DB2-1543-41D8-ADEF-94F0799A25D4}
	EndGlobalSection
EndGlobal
